# Auto-generated by dotagents. Do not edit.
version = 1

[skills.dotagents]
source = "getsentry/dotagents"
resolved_url = "https://github.com/getsentry/dotagents.git"
resolved_path = "skills/dotagents"
commit = "a71b92d3cca4d0ed7bd763b611771ff9c81d50c8"
integrity = "sha256-/KBw6Ea4epWV0EiNUF32dEQKd7vcBhns31rSI6D4R1o="

[skills.jj]
source = "joshuadavidthomas/agent-skills"
resolved_url = "https://github.com/joshuadavidthomas/agent-skills.git"
resolved_path = "jj"
commit = "b8b8841f09b4c6d8fa0a7aba356016524e216b91"
integrity = "sha256-7JyUOFETuZd4hPJRpLasdxLpTCqOe150CG5Kec1KR1E="
